
Microsoft Visual Studio Solution File, Format Version 12.00
# Visual Studio 15
VisualStudioVersion = 15.0.28010.2026
MinimumVisualStudioVersion = 10.0.40219.1
Project("{FAE04EC0-301F-11D3-BF4B-00C04F79EFBC}") = "AcademyWS", "AcademyWS\AcademyWS.csproj", "{34B1E38B-C3CF-4FAD-AD71-904E8CA307DA}"
EndProject
Global
	GlobalSection(SolutionConfigurationPlatforms) = preSolution
		Debug|Any CPU = Debug|Any CPU
		Release|Any CPU = Release|Any CPU
	EndGlobalSection
	GlobalSection(ProjectConfigurationPlatforms) = postSolution
		{34B1E38B-C3CF-4FAD-AD71-904E8CA307DA}.Debug|Any CPU.ActiveCfg = Debug|Any CPU
		{34B1E38B-C3CF-4FAD-AD71-904E8CA307DA}.Debug|Any CPU.Build.0 = Debug|Any CPU
		{34B1E38B-C3CF-4FAD-AD71-904E8CA307DA}.Release|Any CPU.ActiveCfg = Release|Any CPU
		{34B1E38B-C3CF-4FAD-AD71-904E8CA307DA}.Release|Any CPU.Build.0 = Release|Any CPU
	EndGlobalSection
	GlobalSection(SolutionProperties) = preSolution
		HideSolutionNode = FALSE
	EndGlobalSection
	GlobalSection(ExtensibilityGlobals) = postSolution
		SolutionGuid = {FECAA7BF-5A5F-4209-9446-32AF42AB09E1}
	EndGlobalSection
EndGlobal
